{
  "name": "elvora",
  "version": "1.0.0",
  "lockfileVersion": 3,
  "requires": true,
  "packages": {
    "": {
      "name": "elvora",
      "version": "1.0.0",
      "license": "ISC",
      "dependencies": {
        "downloader-nzx": "^1.0.1"
      }
    },
    "node_modules/downloader-nzx": {
      "version": "1.0.1",
      "resolved": "https://registry.npmjs.org/downloader-nzx/-/downloader-nzx-1.0.1.tgz",
      "integrity": "sha512-B9PgK+1BDNPS9cOrrdbLOKjzQGC2+VRgYZSyUSa7Q8ug4bB70lQCT+7XSlWloTajCYP6k9VAddv2PMe/nULRmA==",
      "license": "ISC"
    }
  }
}
